
Microsoft Visual Studio Solution File, Format Version 12.00
# Visual Studio Version 17
VisualStudioVersion = 17.3.32922.545
MinimumVisualStudioVersion = 10.0.40219.1
Project("{FAE04EC0-301F-11D3-BF4B-00C04F79EFBC}") = "DataProje3", "DataProje3\DataProje3.csproj", "{A7961C4C-4FB4-4417-AE1C-A21105FE285E}"
EndProject
Global
	GlobalSection(SolutionConfigurationPlatforms) = preSolution
		Debug|Any CPU = Debug|Any CPU
		Release|Any CPU = Release|Any CPU
	EndGlobalSection
	GlobalSection(ProjectConfigurationPlatforms) = postSolution
		{A7961C4C-4FB4-4417-AE1C-A21105FE285E}.Debug|Any CPU.ActiveCfg = Debug|Any CPU
		{A7961C4C-4FB4-4417-AE1C-A21105FE285E}.Debug|Any CPU.Build.0 = Debug|Any CPU
		{A7961C4C-4FB4-4417-AE1C-A21105FE285E}.Release|Any CPU.ActiveCfg = Release|Any CPU
		{A7961C4C-4FB4-4417-AE1C-A21105FE285E}.Release|Any CPU.Build.0 = Release|Any CPU
	EndGlobalSection
	GlobalSection(SolutionProperties) = preSolution
		HideSolutionNode = FALSE
	EndGlobalSection
	GlobalSection(ExtensibilityGlobals) = postSolution
		SolutionGuid = {BBC42449-DB92-41CB-BD6F-470343B2A8F8}
	EndGlobalSection
EndGlobal
